
Microsoft Visual Studio Solution File, Format Version 12.00
# Visual Studio Version 17
VisualStudioVersion = 17.9.34607.119
MinimumVisualStudioVersion = 10.0.40219.1
Project("{9A19103F-16F7-4668-BE54-9A1E7A4F7556}") = "Hgnim.ConsoleWriter", "ConsoleWriter\Hgnim.ConsoleWriter.csproj", "{258F1857-9B51-4260-BF46-AFDD8366CDE9}"
EndProject
Project("{FAE04EC0-301F-11D3-BF4B-00C04F79EFBC}") = "DebugConsole", "DebugConsole\DebugConsole.csproj", "{6E3BBA12-8136-49DF-8AAA-9DE48BA92DCD}"
EndProject
Global
	GlobalSection(SolutionConfigurationPlatforms) = preSolution
		Debug|Any CPU = Debug|Any CPU
		Release|Any CPU = Release|Any CPU
	EndGlobalSection
	GlobalSection(ProjectConfigurationPlatforms) = postSolution
		{258F1857-9B51-4260-BF46-AFDD8366CDE9}.Debug|Any CPU.ActiveCfg = Debug|Any CPU
		{258F1857-9B51-4260-BF46-AFDD8366CDE9}.Debug|Any CPU.Build.0 = Debug|Any CPU
		{258F1857-9B51-4260-BF46-AFDD8366CDE9}.Release|Any CPU.ActiveCfg = Release|Any CPU
		{258F1857-9B51-4260-BF46-AFDD8366CDE9}.Release|Any CPU.Build.0 = Release|Any CPU
		{6E3BBA12-8136-49DF-8AAA-9DE48BA92DCD}.Debug|Any CPU.ActiveCfg = Debug|Any CPU
		{6E3BBA12-8136-49DF-8AAA-9DE48BA92DCD}.Debug|Any CPU.Build.0 = Debug|Any CPU
		{6E3BBA12-8136-49DF-8AAA-9DE48BA92DCD}.Release|Any CPU.ActiveCfg = Release|Any CPU
		{6E3BBA12-8136-49DF-8AAA-9DE48BA92DCD}.Release|Any CPU.Build.0 = Release|Any CPU
	EndGlobalSection
	GlobalSection(SolutionProperties) = preSolution
		HideSolutionNode = FALSE
	EndGlobalSection
	GlobalSection(ExtensibilityGlobals) = postSolution
		SolutionGuid = {C2DEE690-A587-42C4-A2BE-0483FE596D64}
	EndGlobalSection
EndGlobal
